
Microsoft Visual Studio Solution File, Format Version 12.00
# Visual Studio Version 17
VisualStudioVersion = 17.10.34928.147
MinimumVisualStudioVersion = 10.0.40219.1
Project("{FAE04EC0-301F-11D3-BF4B-00C04F79EFBC}") = "Leetcode", "Leetcode\Leetcode.csproj", "{FB6A24A4-8678-4FAD-A0D4-496D10D565D3}"
EndProject
Global
	GlobalSection(SolutionConfigurationPlatforms) = preSolution
		Debug|Any CPU = Debug|Any CPU
		Release|Any CPU = Release|Any CPU
	EndGlobalSection
	GlobalSection(ProjectConfigurationPlatforms) = postSolution
		{FB6A24A4-8678-4FAD-A0D4-496D10D565D3}.Debug|Any CPU.ActiveCfg = Debug|Any CPU
		{FB6A24A4-8678-4FAD-A0D4-496D10D565D3}.Debug|Any CPU.Build.0 = Debug|Any CPU
		{FB6A24A4-8678-4FAD-A0D4-496D10D565D3}.Release|Any CPU.ActiveCfg = Release|Any CPU
		{FB6A24A4-8678-4FAD-A0D4-496D10D565D3}.Release|Any CPU.Build.0 = Release|Any CPU
	EndGlobalSection
	GlobalSection(SolutionProperties) = preSolution
		HideSolutionNode = FALSE
	EndGlobalSection
	GlobalSection(ExtensibilityGlobals) = postSolution
		SolutionGuid = {F7F164CC-8936-4310-AF92-C94D586F3450}
	EndGlobalSection
EndGlobal
